
Microsoft Visual Studio Solution File, Format Version 12.00
# Visual Studio 14
VisualStudioVersion = 14.0.25123.0
MinimumVisualStudioVersion = 10.0.40219.1
Project("{FAE04EC0-301F-11D3-BF4B-00C04F79EFBC}") = "Tests", "Tests\Tests.csproj", "{E64BE0DC-5DF4-4C8A-87EC-837E156CA61C}"
EndProject
Project("{FAE04EC0-301F-11D3-BF4B-00C04F79EFBC}") = "Oiraga", "Oiraga\Oiraga.csproj", "{E7192C5F-ACE1-4CCE-9F0B-FADE20AC7F15}"
EndProject
Project("{F2A71F9B-5D33-465A-A702-920D77279786}") = "Fs", "Fs\Fs.fsproj", "{30597BE9-08F8-4832-8AB7-009C00A6A2F2}"
EndProject
Global
	GlobalSection(SolutionConfigurationPlatforms) = preSolution
		Debug|Any CPU = Debug|Any CPU
		Debug|x86 = Debug|x86
		Release|Any CPU = Release|Any CPU
		Release|x86 = Release|x86
	EndGlobalSection
	GlobalSection(ProjectConfigurationPlatforms) = postSolution
		{E64BE0DC-5DF4-4C8A-87EC-837E156CA61C}.Debug|Any CPU.ActiveCfg = Debug|Any CPU
		{E64BE0DC-5DF4-4C8A-87EC-837E156CA61C}.Debug|Any CPU.Build.0 = Debug|Any CPU
		{E64BE0DC-5DF4-4C8A-87EC-837E156CA61C}.Debug|x86.ActiveCfg = Debug|Any CPU
		{E64BE0DC-5DF4-4C8A-87EC-837E156CA61C}.Debug|x86.Build.0 = Debug|Any CPU
		{E64BE0DC-5DF4-4C8A-87EC-837E156CA61C}.Release|Any CPU.ActiveCfg = Release|Any CPU
		{E64BE0DC-5DF4-4C8A-87EC-837E156CA61C}.Release|Any CPU.Build.0 = Release|Any CPU
		{E64BE0DC-5DF4-4C8A-87EC-837E156CA61C}.Release|x86.ActiveCfg = Release|Any CPU
		{E64BE0DC-5DF4-4C8A-87EC-837E156CA61C}.Release|x86.Build.0 = Release|Any CPU
		{E7192C5F-ACE1-4CCE-9F0B-FADE20AC7F15}.Debug|Any CPU.ActiveCfg = Debug|Any CPU
		{E7192C5F-ACE1-4CCE-9F0B-FADE20AC7F15}.Debug|Any CPU.Build.0 = Debug|Any CPU
		{E7192C5F-ACE1-4CCE-9F0B-FADE20AC7F15}.Debug|x86.ActiveCfg = Debug|Any CPU
		{E7192C5F-ACE1-4CCE-9F0B-FADE20AC7F15}.Debug|x86.Build.0 = Debug|Any CPU
		{E7192C5F-ACE1-4CCE-9F0B-FADE20AC7F15}.Release|Any CPU.ActiveCfg = Release|Any CPU
		{E7192C5F-ACE1-4CCE-9F0B-FADE20AC7F15}.Release|Any CPU.Build.0 = Release|Any CPU
		{E7192C5F-ACE1-4CCE-9F0B-FADE20AC7F15}.Release|x86.ActiveCfg = Release|Any CPU
		{E7192C5F-ACE1-4CCE-9F0B-FADE20AC7F15}.Release|x86.Build.0 = Release|Any CPU
		{30597BE9-08F8-4832-8AB7-009C00A6A2F2}.Debug|Any CPU.ActiveCfg = Debug|x86
		{30597BE9-08F8-4832-8AB7-009C00A6A2F2}.Debug|x86.ActiveCfg = Debug|x86
		{30597BE9-08F8-4832-8AB7-009C00A6A2F2}.Debug|x86.Build.0 = Debug|x86
		{30597BE9-08F8-4832-8AB7-009C00A6A2F2}.Release|Any CPU.ActiveCfg = Release|x86
		{30597BE9-08F8-4832-8AB7-009C00A6A2F2}.Release|x86.ActiveCfg = Release|x86
		{30597BE9-08F8-4832-8AB7-009C00A6A2F2}.Release|x86.Build.0 = Release|x86
	EndGlobalSection
	GlobalSection(SolutionProperties) = preSolution
		HideSolutionNode = FALSE
	EndGlobalSection
EndGlobal
